// !$*UTF8*$!
{
	archiveVersion = 1;
	classes = {
	};
	objectVersion = 50;
	objects = {

/* Begin PBXBuildFile section */
		ACE85ED3F11C6DC0069C8AD7 /* Pods_IGListKitDemo.framework in Frameworks */ = {isa = PBXBuildFile; fileRef = C75D0F93E0DD10B5446C7976 /* Pods_IGListKitDemo.framework */; };
		C2434C9B21333EBC00929C98 /* AppDelegate.swift in Sources */ = {isa = PBXBuildFile; fileRef = C2434C9A21333EBC00929C98 /* AppDelegate.swift */; };
		C2434C9D21333EBC00929C98 /* ViewController.swift in Sources */ = {isa = PBXBuildFile; fileRef = C2434C9C21333EBC00929C98 /* ViewController.swift */; };
		C2434CA221333EBE00929C98 /* Assets.xcassets in Resources */ = {isa = PBXBuildFile; fileRef = C2434CA121333EBE00929C98 /* Assets.xcassets */; };
		C2434CA521333EBE00929C98 /* LaunchScreen.storyboard in Resources */ = {isa = PBXBuildFile; fileRef = C2434CA321333EBE00929C98 /* LaunchScreen.storyboard */; };
		C2434CAD213340E800929C98 /* Professor.swift in Sources */ = {isa = PBXBuildFile; fileRef = C2434CAC213340E800929C98 /* Professor.swift */; };
		C2434CAF2133447E00929C98 /* ProfessorSectionController.swift in Sources */ = {isa = PBXBuildFile; fileRef = C2434CAE2133447E00929C98 /* ProfessorSectionController.swift */; };
		C2434CB1213345F300929C98 /* ProfessorCell.swift in Sources */ = {isa = PBXBuildFile; fileRef = C2434CB0213345F300929C98 /* ProfessorCell.swift */; };
		C24F01C42160954500EB82B1 /* EmptyStateCell.swift in Sources */ = {isa = PBXBuildFile; fileRef = C24F01C32160954500EB82B1 /* EmptyStateCell.swift */; };
		C24F01C6216095D400EB82B1 /* EmptyStateSectionController.swift in Sources */ = {isa = PBXBuildFile; fileRef = C24F01C5216095D400EB82B1 /* EmptyStateSectionController.swift */; };
		C24F01C82160960F00EB82B1 /* EmptyStateModel.swift in Sources */ = {isa = PBXBuildFile; fileRef = C24F01C72160960F00EB82B1 /* EmptyStateModel.swift */; };
/* End PBXBuildFile section */

/* Begin PBXFileReference section */
		7166F196B51B0FBDCC2C9E6C /* Pods-IGListKitDemo.debug.xcconfig */ = {isa = PBXFileReference; includeInIndex = 1; lastKnownFileType = text.xcconfig; name = "Pods-IGListKitDemo.debug.xcconfig"; path = "Pods/Target Support Files/Pods-IGListKitDemo/Pods-IGListKitDemo.debug.xcconfig"; sourceTree = "<group>"; };
		C2434C9721333EBC00929C98 /* IGListKitDemo.app */ = {isa = PBXFileReference; explicitFileType = wrapper.application; includeInIndex = 0; path = IGListKitDemo.app; sourceTree = BUILT_PRODUCTS_DIR; };
		C2434C9A21333EBC00929C98 /* AppDelegate.swift */ = {isa = PBXFileReference; lastKnownFileType = sourcecode.swift; path = AppDelegate.swift; sourceTree = "<group>"; };
		C2434C9C21333EBC00929C98 /* ViewController.swift */ = {isa = PBXFileReference; lastKnownFileType = sourcecode.swift; path = ViewController.swift; sourceTree = "<group>"; };
		C2434CA121333EBE00929C98 /* Assets.xcassets */ = {isa = PBXFileReference; lastKnownFileType = folder.assetcatalog; path = Assets.xcassets; sourceTree = "<group>"; };
		C2434CA421333EBE00929C98 /* Base */ = {isa = PBXFileReference; lastKnownFileType = file.storyboard; name = Base; path = Base.lproj/LaunchScreen.storyboard; sourceTree = "<group>"; };
		C2434CA621333EBE00929C98 /* Info.plist */ = {isa = PBXFileReference; lastKnownFileType = text.plist.xml; path = Info.plist; sourceTree = "<group>"; };
		C2434CAC213340E800929C98 /* Professor.swift */ = {isa = PBXFileReference; lastKnownFileType = sourcecode.swift; path = Professor.swift; sourceTree = "<group>"; };
		C2434CAE2133447E00929C98 /* ProfessorSectionController.swift */ = {isa = PBXFileReference; lastKnownFileType = sourcecode.swift; path = ProfessorSectionController.swift; sourceTree = "<group>"; };
		C2434CB0213345F300929C98 /* ProfessorCell.swift */ = {isa = PBXFileReference; lastKnownFileType = sourcecode.swift; path = ProfessorCell.swift; sourceTree = "<group>"; };
		C24F01C32160954500EB82B1 /* EmptyStateCell.swift */ = {isa = PBXFileReference; lastKnownFileType = sourcecode.swift; path = EmptyStateCell.swift; sourceTree = "<group>"; };
		C24F01C5216095D400EB82B1 /* EmptyStateSectionController.swift */ = {isa = PBXFileReference; lastKnownFileType = sourcecode.swift; path = EmptyStateSectionController.swift; sourceTree = "<group>"; };
		C24F01C72160960F00EB82B1 /* EmptyStateModel.swift */ = {isa = PBXFileReference; lastKnownFileType = sourcecode.swift; path = EmptyStateModel.swift; sourceTree = "<group>"; };
		C7482B0E34626EBD6AF58AC7 /* Pods-IGListKitDemo.release.xcconfig */ = {isa = PBXFileReference; includeInIndex = 1; lastKnownFileType = text.xcconfig; name = "Pods-IGListKitDemo.release.xcconfig"; path = "Pods/Target Support Files/Pods-IGListKitDemo/Pods-IGListKitDemo.release.xcconfig"; sourceTree = "<group>"; };
		C75D0F93E0DD10B5446C7976 /* Pods_IGListKitDemo.framework */ = {isa = PBXFileReference; explicitFileType = wrapper.framework; includeInIndex = 0; path = Pods_IGListKitDemo.framework; sourceTree = BUILT_PRODUCTS_DIR; };
/* End PBXFileReference section */

/* Begin PBXFrameworksBuildPhase section */
		C2434C9421333EBC00929C98 /* Frameworks */ = {
			isa = PBXFrameworksBuildPhase;
			buildActionMask = 2147483647;
			files = (
				ACE85ED3F11C6DC0069C8AD7 /* Pods_IGListKitDemo.framework in Frameworks */,
			);
			runOnlyForDeploymentPostprocessing = 0;
		};
/* End PBXFrameworksBuildPhase section */

/* Begin PBXGroup section */
		C1645B77E6DBE4FB4E917D9F /* Pods */ = {
			isa = PBXGroup;
			children = (
				7166F196B51B0FBDCC2C9E6C /* Pods-IGListKitDemo.debug.xcconfig */,
				C7482B0E34626EBD6AF58AC7 /* Pods-IGListKitDemo.release.xcconfig */,
			);
			name = Pods;
			sourceTree = "<group>";
		};
		C2434C8E21333EBC00929C98 = {
			isa = PBXGroup;
			children = (
				C2434C9921333EBC00929C98 /* IGListKitDemo */,
				C2434C9821333EBC00929C98 /* Products */,
				C1645B77E6DBE4FB4E917D9F /* Pods */,
				DF6E35CF0ADFF82B34EDCC1E /* Frameworks */,
			);
			sourceTree = "<group>";
		};
		C2434C9821333EBC00929C98 /* Products */ = {
			isa = PBXGroup;
			children = (
				C2434C9721333EBC00929C98 /* IGListKitDemo.app */,
			);
			name = Products;
			sourceTree = "<group>";
		};
		C2434C9921333EBC00929C98 /* IGListKitDemo */ = {
			isa = PBXGroup;
			children = (
				C2434C9A21333EBC00929C98 /* AppDelegate.swift */,
				C2434C9C21333EBC00929C98 /* ViewController.swift */,
				C2434CAC213340E800929C98 /* Professor.swift */,
				C2434CAE2133447E00929C98 /* ProfessorSectionController.swift */,
				C2434CB0213345F300929C98 /* ProfessorCell.swift */,
				C24F01C72160960F00EB82B1 /* EmptyStateModel.swift */,
				C24F01C5216095D400EB82B1 /* EmptyStateSectionController.swift */,
				C24F01C32160954500EB82B1 /* EmptyStateCell.swift */,
				C2434CA121333EBE00929C98 /* Assets.xcassets */,
				C2434CA321333EBE00929C98 /* LaunchScreen.storyboard */,
				C2434CA621333EBE00929C98 /* Info.plist */,
			);
			path = IGListKitDemo;
			sourceTree = "<group>";
		};
		DF6E35CF0ADFF82B34EDCC1E /* Frameworks */ = {
			isa = PBXGroup;
			children = (
				C75D0F93E0DD10B5446C7976 /* Pods_IGListKitDemo.framework */,
			);
			name = Frameworks;
			sourceTree = "<group>";
		};
/* End PBXGroup section */

/* Begin PBXNativeTarget section */
		C2434C9621333EBC00929C98 /* IGListKitDemo */ = {
			isa = PBXNativeTarget;
			buildConfigurationList = C2434CA921333EBE00929C98 /* Build configuration list for PBXNativeTarget "IGListKitDemo" */;
			buildPhases = (
				FE9FEDAC15560883C69C8D59 /* [CP] Check Pods Manifest.lock */,
				C2434C9321333EBC00929C98 /* Sources */,
				C2434C9421333EBC00929C98 /* Frameworks */,
				C2434C9521333EBC00929C98 /* Resources */,
				AE2207D5BF561616BF9659A3 /* [CP] Embed Pods Frameworks */,
			);
			buildRules = (
			);
			dependencies = (
			);
			name = IGListKitDemo;
			productName = IGListKitDemo;
			productReference = C2434C9721333EBC00929C98 /* IGListKitDemo.app */;
			productType = "com.apple.product-type.application";
		};
/* End PBXNativeTarget section */

/* Begin PBXProject section */
		C2434C8F21333EBC00929C98 /* Project object */ = {
			isa = PBXProject;
			attributes = {
				LastSwiftUpdateCheck = 0940;
				LastUpgradeCheck = 0940;
				ORGANIZATIONNAME = "Kevin Chan";
				TargetAttributes = {
					C2434C9621333EBC00929C98 = {
						CreatedOnToolsVersion = 9.4.1;
					};
				};
			};
			buildConfigurationList = C2434C9221333EBC00929C98 /* Build configuration list for PBXProject "IGListKitDemo" */;
			compatibilityVersion = "Xcode 9.3";
			developmentRegion = en;
			hasScannedForEncodings = 0;
			knownRegions = (
				en,
				Base,
			);
			mainGroup = C2434C8E21333EBC00929C98;
			productRefGroup = C2434C9821333EBC00929C98 /* Products */;
			projectDirPath = "";
			projectRoot = "";
			targets = (
				C2434C9621333EBC00929C98 /* IGListKitDemo */,
			);
		};
/* End PBXProject section */

/* Begin PBXResourcesBuildPhase section */
		C2434C9521333EBC00929C98 /* Resources */ = {
			isa = PBXResourcesBuildPhase;
			buildActionMask = 2147483647;
			files = (
				C2434CA521333EBE00929C98 /* LaunchScreen.storyboard in Resources */,
				C2434CA221333EBE00929C98 /* Assets.xcassets in Resources */,
			);
			runOnlyForDeploymentPostprocessing = 0;
		};
/* End PBXResourcesBuildPhase section */

/* Begin PBXShellScriptBuildPhase section */
		AE2207D5BF561616BF9659A3 /* [CP] Embed Pods Frameworks */ = {
			isa = PBXShellScriptBuildPhase;
			buildActionMask = 2147483647;
			files = (
			);
			inputPaths = (
				"${SRCROOT}/Pods/Target Support Files/Pods-IGListKitDemo/Pods-IGListKitDemo-frameworks.sh",
				"${BUILT_PRODUCTS_DIR}/IGListKit/IGListKit.framework",
			);
			name = "[CP] Embed Pods Frameworks";
			outputPaths = (
				"${TARGET_BUILD_DIR}/${FRAMEWORKS_FOLDER_PATH}/IGListKit.framework",
			);
			runOnlyForDeploymentPostprocessing = 0;
			shellPath = /bin/sh;
			shellScript = "\"${SRCROOT}/Pods/Target Support Files/Pods-IGListKitDemo/Pods-IGListKitDemo-frameworks.sh\"\n";
			showEnvVarsInLog = 0;
		};
		FE9FEDAC15560883C69C8D59 /* [CP] Check Pods Manifest.lock */ = {
			isa = PBXShellScriptBuildPhase;
			buildActionMask = 2147483647;
			files = (
			);
			inputPaths = (
				"${PODS_PODFILE_DIR_PATH}/Podfile.lock",
				"${PODS_ROOT}/Manifest.lock",
			);
			name = "[CP] Check Pods Manifest.lock";
			outputPaths = (
				"$(DERIVED_FILE_DIR)/Pods-IGListKitDemo-checkManifestLockResult.txt",
			);
			runOnlyForDeploymentPostprocessing = 0;
			shellPath = /bin/sh;
			shellScript = "diff \"${PODS_PODFILE_DIR_PATH}/Podfile.lock\" \"${PODS_ROOT}/Manifest.lock\" > /dev/null\nif [ $? != 0 ] ; then\n    # print error to STDERR\n    echo \"error: The sandbox is not in sync with the Podfile.lock. Run 'pod install' or update your CocoaPods installation.\" >&2\n    exit 1\nfi\n# This output is used by Xcode 'outputs' to avoid re-running this script phase.\necho \"SUCCESS\" > \"${SCRIPT_OUTPUT_FILE_0}\"\n";
			showEnvVarsInLog = 0;
		};
/* End PBXShellScriptBuildPhase section */

/* Begin PBXSourcesBuildPhase section */
		C2434C9321333EBC00929C98 /* Sources */ = {
			isa = PBXSourcesBuildPhase;
			buildActionMask = 2147483647;
			files = (
				C2434C9D21333EBC00929C98 /* ViewController.swift in Sources */,
				C24F01C82160960F00EB82B1 /* EmptyStateModel.swift in Sources */,
				C2434CB1213345F300929C98 /* ProfessorCell.swift in Sources */,
				C24F01C6216095D400EB82B1 /* EmptyStateSectionController.swift in Sources */,
				C2434CAD213340E800929C98 /* Professor.swift in Sources */,
				C2434CAF2133447E00929C98 /* ProfessorSectionController.swift in Sources */,
				C2434C9B21333EBC00929C98 /* AppDelegate.swift in Sources */,
				C24F01C42160954500EB82B1 /* EmptyStateCell.swift in Sources */,
			);
			runOnlyForDeploymentPostprocessing = 0;
		};
/* End PBXSourcesBuildPhase section */

/* Begin PBXVariantGroup section */
		C2434CA321333EBE00929C98 /* LaunchScreen.storyboard */ = {
			isa = PBXVariantGroup;
			children = (
				C2434CA421333EBE00929C98 /* Base */,
			);
			name = LaunchScreen.storyboard;
			sourceTree = "<group>";
		};
/* End PBXVariantGroup section */

/* Begin XCBuildConfiguration section */
		C2434CA721333EBE00929C98 /* Debug */ = {
			isa = XCBuildConfiguration;
			buildSettings = {
				ALWAYS_SEARCH_USER_PATHS = NO;
				CLANG_ANALYZER_NONNULL = YES;
				CLANG_ANALYZER_NUMBER_OBJECT_CONVERSION = YES_AGGRESSIVE;
				CLANG_CXX_LANGUAGE_STANDARD = "gnu++14";
				CLANG_CXX_LIBRARY = "libc++";
				CLANG_ENABLE_MODULES = YES;
				CLANG_ENABLE_OBJC_ARC = YES;
				CLANG_ENABLE_OBJC_WEAK = YES;
				CLANG_WARN_BLOCK_CAPTURE_AUTORELEASING = YES;
				CLANG_WARN_BOOL_CONVERSION = YES;
				CLANG_WARN_COMMA = YES;
				CLANG_WARN_CONSTANT_CONVERSION = YES;
				CLANG_WARN_DEPRECATED_OBJC_IMPLEMENTATIONS = YES;
				CLANG_WARN_DIRECT_OBJC_ISA_USAGE = YES_ERROR;
				CLANG_WARN_DOCUMENTATION_COMMENTS = YES;
				CLANG_WARN_EMPTY_BODY = YES;
				CLANG_WARN_ENUM_CONVERSION = YES;
				CLANG_WARN_INFINITE_RECURSION = YES;
				CLANG_WARN_INT_CONVERSION = YES;
				CLANG_WARN_NON_LITERAL_NULL_CONVERSION = YES;
				CLANG_WARN_OBJC_IMPLICIT_RETAIN_SELF = YES;
				CLANG_WARN_OBJC_LITERAL_CONVERSION = YES;
				CLANG_WARN_OBJC_ROOT_CLASS = YES_ERROR;
				CLANG_WARN_RANGE_LOOP_ANALYSIS = YES;
				CLANG_WARN_STRICT_PROTOTYPES = YES;
				CLANG_WARN_SUSPICIOUS_MOVE = YES;
				CLANG_WARN_UNGUARDED_AVAILABILITY = YES_AGGRESSIVE;
				CLANG_WARN_UNREACHABLE_CODE = YES;
				CLANG_WARN__DUPLICATE_METHOD_MATCH = YES;
				CODE_SIGN_IDENTITY = "iPhone Developer";
				COPY_PHASE_STRIP = NO;
				DEBUG_INFORMATION_FORMAT = dwarf;
				ENABLE_STRICT_OBJC_MSGSEND = YES;
				ENABLE_TESTABILITY = YES;
				GCC_C_LANGUAGE_STANDARD = gnu11;
				GCC_DYNAMIC_NO_PIC = NO;
				GCC_NO_COMMON_BLOCKS = YES;
				GCC_OPTIMIZATION_LEVEL = 0;
				GCC_PREPROCESSOR_DEFINITIONS = (
					"DEBUG=1",
					"$(inherited)",
				);
				GCC_WARN_64_TO_32_BIT_CONVERSION = YES;
				GCC_WARN_ABOUT_RETURN_TYPE = YES_ERROR;
				GCC_WARN_UNDECLARED_SELECTOR = YES;
				GCC_WARN_UNINITIALIZED_AUTOS = YES_AGGRESSIVE;
				GCC_WARN_UNUSED_FUNCTION = YES;
				GCC_WARN_UNUSED_VARIABLE = YES;
				IPHONEOS_DEPLOYMENT_TARGET = 11.4;
				MTL_ENABLE_DEBUG_INFO = YES;
				ONLY_ACTIVE_ARCH = YES;
				SDKROOT = iphoneos;
				SWIFT_ACTIVE_COMPILATION_CONDITIONS = DEBUG;
				SWIFT_OPTIMIZATION_LEVEL = "-Onone";
			};
			name = Debug;
		};
		C2434CA821333EBE00929C98 /* Release */ = {
			isa = XCBuildConfiguration;
			buildSettings = {
				ALWAYS_SEARCH_USER_PATHS = NO;
				CLANG_ANALYZER_NONNULL = YES;
				CLANG_ANALYZER_NUMBER_OBJECT_CONVERSION = YES_AGGRESSIVE;
				CLANG_CXX_LANGUAGE_STANDARD = "gnu++14";
				CLANG_CXX_LIBRARY = "libc++";
				CLANG_ENABLE_MODULES = YES;
				CLANG_ENABLE_OBJC_ARC = YES;
				CLANG_ENABLE_OBJC_WEAK = YES;
				CLANG_WARN_BLOCK_CAPTURE_AUTORELEASING = YES;
				CLANG_WARN_BOOL_CONVERSION = YES;
				CLANG_WARN_COMMA = YES;
				CLANG_WARN_CONSTANT_CONVERSION = YES;
				CLANG_WARN_DEPRECATED_OBJC_IMPLEMENTATIONS = YES;
				CLANG_WARN_DIRECT_OBJC_ISA_USAGE = YES_ERROR;
				CLANG_WARN_DOCUMENTATION_COMMENTS = YES;
				CLANG_WARN_EMPTY_BODY = YES;
				CLANG_WARN_ENUM_CONVERSION = YES;
				CLANG_WARN_INFINITE_RECURSION = YES;
				CLANG_WARN_INT_CONVERSION = YES;
				CLANG_WARN_NON_LITERAL_NULL_CONVERSION = YES;
				CLANG_WARN_OBJC_IMPLICIT_RETAIN_SELF = YES;
				CLANG_WARN_OBJC_LITERAL_CONVERSION = YES;
				CLANG_WARN_OBJC_ROOT_CLASS = YES_ERROR;
				CLANG_WARN_RANGE_LOOP_ANALYSIS = YES;
				CLANG_WARN_STRICT_PROTOTYPES = YES;
				CLANG_WARN_SUSPICIOUS_MOVE = YES;
				CLANG_WARN_UNGUARDED_AVAILABILITY = YES_AGGRESSIVE;
				CLANG_WARN_UNREACHABLE_CODE = YES;
				CLANG_WARN__DUPLICATE_METHOD_MATCH = YES;
				CODE_SIGN_IDENTITY = "iPhone Developer";
				COPY_PHASE_STRIP = NO;
				DEBUG_INFORMATION_FORMAT = "dwarf-with-dsym";
				ENABLE_NS_ASSERTIONS = NO;
				ENABLE_STRICT_OBJC_MSGSEND = YES;
				GCC_C_LANGUAGE_STANDARD = gnu11;
				GCC_NO_COMMON_BLOCKS = YES;
				GCC_WARN_64_TO_32_BIT_CONVERSION = YES;
				GCC_WARN_ABOUT_RETURN_TYPE = YES_ERROR;
				GCC_WARN_UNDECLARED_SELECTOR = YES;
				GCC_WARN_UNINITIALIZED_AUTOS = YES_AGGRESSIVE;
				GCC_WARN_UNUSED_FUNCTION = YES;
				GCC_WARN_UNUSED_VARIABLE = YES;
				IPHONEOS_DEPLOYMENT_TARGET = 11.4;
				MTL_ENABLE_DEBUG_INFO = NO;
				SDKROOT = iphoneos;
				SWIFT_COMPILATION_MODE = wholemodule;
				SWIFT_OPTIMIZATION_LEVEL = "-O";
				VALIDATE_PRODUCT = YES;
			};
			name = Release;
		};
		C2434CAA21333EBE00929C98 /* Debug */ = {
			isa = XCBuildConfiguration;
			baseConfigurationReference = 7166F196B51B0FBDCC2C9E6C /* Pods-IGListKitDemo.debug.xcconfig */;
			buildSettings = {
				ASSETCATALOG_COMPILER_APPICON_NAME = AppIcon;
				CODE_SIGN_STYLE = Automatic;
				INFOPLIST_FILE = IGListKitDemo/Info.plist;
				LD_RUNPATH_SEARCH_PATHS = (
					"$(inherited)",
					"@executable_path/Frameworks",
				);
				PRODUCT_BUNDLE_IDENTIFIER = com.kevinchan.IGListKitDemo;
				PRODUCT_NAME = "$(TARGET_NAME)";
				SWIFT_VERSION = 4.0;
				TARGETED_DEVICE_FAMILY = "1,2";
			};
			name = Debug;
		};
		C2434CAB21333EBE00929C98 /* Release */ = {
			isa = XCBuildConfiguration;
			baseConfigurationReference = C7482B0E34626EBD6AF58AC7 /* Pods-IGListKitDemo.release.xcconfig */;
			buildSettings = {
				ASSETCATALOG_COMPILER_APPICON_NAME = AppIcon;
				CODE_SIGN_STYLE = Automatic;
				INFOPLIST_FILE = IGListKitDemo/Info.plist;
				LD_RUNPATH_SEARCH_PATHS = (
					"$(inherited)",
					"@executable_path/Frameworks",
				);
				PRODUCT_BUNDLE_IDENTIFIER = com.kevinchan.IGListKitDemo;
				PRODUCT_NAME = "$(TARGET_NAME)";
				SWIFT_VERSION = 4.0;
				TARGETED_DEVICE_FAMILY = "1,2";
			};
			name = Release;
		};
/* End XCBuildConfiguration section */

/* Begin XCConfigurationList section */
		C2434C9221333EBC00929C98 /* Build configuration list for PBXProject "IGListKitDemo" */ = {
			isa = XCConfigurationList;
			buildConfigurations = (
				C2434CA721333EBE00929C98 /* Debug */,
				C2434CA821333EBE00929C98 /* Release */,
			);
			defaultConfigurationIsVisible = 0;
			defaultConfigurationName = Release;
		};
		C2434CA921333EBE00929C98 /* Build configuration list for PBXNativeTarget "IGListKitDemo" */ = {
			isa = XCConfigurationList;
			buildConfigurations = (
				C2434CAA21333EBE00929C98 /* Debug */,
				C2434CAB21333EBE00929C98 /* Release */,
			);
			defaultConfigurationIsVisible = 0;
			defaultConfigurationName = Release;
		};
/* End XCConfigurationList section */
	};
	rootObject = C2434C8F21333EBC00929C98 /* Project object */;
}
